
Microsoft Visual Studio Solution File, Format Version 12.00
# Visual Studio Version 16
VisualStudioVersion = 16.0.29123.88
MinimumVisualStudioVersion = 10.0.40219.1
Project("{FAE04EC0-301F-11D3-BF4B-00C04F79EFBC}") = "NewsXamarinCVT.Android", "NewsXamarinCVT.Android\NewsXamarinCVT.Android.csproj", "{9170F709-5CC8-4F9D-9549-CC7E46185226}"
EndProject
Project("{9A19103F-16F7-4668-BE54-9A1E7A4F7556}") = "NewsXamarinCVT", "NewsXamarinCVT\NewsXamarinCVT.csproj", "{E339F320-3B55-43FC-B704-ED66613A6023}"
EndProject
Global
	GlobalSection(SolutionConfigurationPlatforms) = preSolution
		Debug|Any CPU = Debug|Any CPU
		Debug|iPhone = Debug|iPhone
		Debug|iPhoneSimulator = Debug|iPhoneSimulator
		Release|Any CPU = Release|Any CPU
		Release|iPhone = Release|iPhone
		Release|iPhoneSimulator = Release|iPhoneSimulator
	EndGlobalSection
	GlobalSection(ProjectConfigurationPlatforms) = postSolution
		{9170F709-5CC8-4F9D-9549-CC7E46185226}.Debug|Any CPU.ActiveCfg = Debug|Any CPU
		{9170F709-5CC8-4F9D-9549-CC7E46185226}.Debug|Any CPU.Build.0 = Debug|Any CPU
		{9170F709-5CC8-4F9D-9549-CC7E46185226}.Debug|Any CPU.Deploy.0 = Debug|Any CPU
		{9170F709-5CC8-4F9D-9549-CC7E46185226}.Debug|iPhone.ActiveCfg = Debug|Any CPU
		{9170F709-5CC8-4F9D-9549-CC7E46185226}.Debug|iPhone.Build.0 = Debug|Any CPU
		{9170F709-5CC8-4F9D-9549-CC7E46185226}.Debug|iPhone.Deploy.0 = Debug|Any CPU
		{9170F709-5CC8-4F9D-9549-CC7E46185226}.Debug|iPhoneSimulator.ActiveCfg = Debug|Any CPU
		{9170F709-5CC8-4F9D-9549-CC7E46185226}.Debug|iPhoneSimulator.Build.0 = Debug|Any CPU
		{9170F709-5CC8-4F9D-9549-CC7E46185226}.Debug|iPhoneSimulator.Deploy.0 = Debug|Any CPU
		{9170F709-5CC8-4F9D-9549-CC7E46185226}.Release|Any CPU.ActiveCfg = Release|Any CPU
		{9170F709-5CC8-4F9D-9549-CC7E46185226}.Release|Any CPU.Build.0 = Release|Any CPU
		{9170F709-5CC8-4F9D-9549-CC7E46185226}.Release|Any CPU.Deploy.0 = Release|Any CPU
		{9170F709-5CC8-4F9D-9549-CC7E46185226}.Release|iPhone.ActiveCfg = Release|Any CPU
		{9170F709-5CC8-4F9D-9549-CC7E46185226}.Release|iPhone.Build.0 = Release|Any CPU
		{9170F709-5CC8-4F9D-9549-CC7E46185226}.Release|iPhone.Deploy.0 = Release|Any CPU
		{9170F709-5CC8-4F9D-9549-CC7E46185226}.Release|iPhoneSimulator.ActiveCfg = Release|Any CPU
		{9170F709-5CC8-4F9D-9549-CC7E46185226}.Release|iPhoneSimulator.Build.0 = Release|Any CPU
		{9170F709-5CC8-4F9D-9549-CC7E46185226}.Release|iPhoneSimulator.Deploy.0 = Release|Any CPU
		{E339F320-3B55-43FC-B704-ED66613A6023}.Debug|Any CPU.ActiveCfg = Debug|Any CPU
		{E339F320-3B55-43FC-B704-ED66613A6023}.Debug|Any CPU.Build.0 = Debug|Any CPU
		{E339F320-3B55-43FC-B704-ED66613A6023}.Debug|Any CPU.Deploy.0 = Debug|Any CPU
		{E339F320-3B55-43FC-B704-ED66613A6023}.Debug|iPhone.ActiveCfg = Debug|Any CPU
		{E339F320-3B55-43FC-B704-ED66613A6023}.Debug|iPhone.Build.0 = Debug|Any CPU
		{E339F320-3B55-43FC-B704-ED66613A6023}.Debug|iPhone.Deploy.0 = Debug|Any CPU
		{E339F320-3B55-43FC-B704-ED66613A6023}.Debug|iPhoneSimulator.ActiveCfg = Debug|Any CPU
		{E339F320-3B55-43FC-B704-ED66613A6023}.Debug|iPhoneSimulator.Build.0 = Debug|Any CPU
		{E339F320-3B55-43FC-B704-ED66613A6023}.Debug|iPhoneSimulator.Deploy.0 = Debug|Any CPU
		{E339F320-3B55-43FC-B704-ED66613A6023}.Release|Any CPU.ActiveCfg = Release|Any CPU
		{E339F320-3B55-43FC-B704-ED66613A6023}.Release|Any CPU.Build.0 = Release|Any CPU
		{E339F320-3B55-43FC-B704-ED66613A6023}.Release|Any CPU.Deploy.0 = Release|Any CPU
		{E339F320-3B55-43FC-B704-ED66613A6023}.Release|iPhone.ActiveCfg = Release|Any CPU
		{E339F320-3B55-43FC-B704-ED66613A6023}.Release|iPhone.Build.0 = Release|Any CPU
		{E339F320-3B55-43FC-B704-ED66613A6023}.Release|iPhone.Deploy.0 = Release|Any CPU
		{E339F320-3B55-43FC-B704-ED66613A6023}.Release|iPhoneSimulator.ActiveCfg = Release|Any CPU
		{E339F320-3B55-43FC-B704-ED66613A6023}.Release|iPhoneSimulator.Build.0 = Release|Any CPU
		{E339F320-3B55-43FC-B704-ED66613A6023}.Release|iPhoneSimulator.Deploy.0 = Release|Any CPU
	EndGlobalSection
	GlobalSection(SolutionProperties) = preSolution
		HideSolutionNode = FALSE
	EndGlobalSection
	GlobalSection(ExtensibilityGlobals) = postSolution
		SolutionGuid = {E999002A-AE88-4B81-AFAD-D61896F382CF}
	EndGlobalSection
EndGlobal
